
Microsoft Visual Studio Solution File, Format Version 12.00
# Visual Studio Version 17
VisualStudioVersion = 17.10.34916.146
MinimumVisualStudioVersion = 10.0.40219.1
Project("{FAE04EC0-301F-11D3-BF4B-00C04F79EFBC}") = "BuilderBuilding Chapter1 Design Patterm c#", "BuilderBuilding Chapter1 Design Patterm c#\BuilderBuilding Chapter1 Design Patterm c#.csproj", "{E19E8353-8BFE-4181-9C95-02F60D542873}"
EndProject
Global
	GlobalSection(SolutionConfigurationPlatforms) = preSolution
		Debug|Any CPU = Debug|Any CPU
		Release|Any CPU = Release|Any CPU
	EndGlobalSection
	GlobalSection(ProjectConfigurationPlatforms) = postSolution
		{E19E8353-8BFE-4181-9C95-02F60D542873}.Debug|Any CPU.ActiveCfg = Debug|Any CPU
		{E19E8353-8BFE-4181-9C95-02F60D542873}.Debug|Any CPU.Build.0 = Debug|Any CPU
		{E19E8353-8BFE-4181-9C95-02F60D542873}.Release|Any CPU.ActiveCfg = Release|Any CPU
		{E19E8353-8BFE-4181-9C95-02F60D542873}.Release|Any CPU.Build.0 = Release|Any CPU
	EndGlobalSection
	GlobalSection(SolutionProperties) = preSolution
		HideSolutionNode = FALSE
	EndGlobalSection
	GlobalSection(ExtensibilityGlobals) = postSolution
		SolutionGuid = {1122E6E5-BC33-44D2-9A6F-C5A999B66331}
	EndGlobalSection
EndGlobal
